{
  "projects": [
    {
      "projectId": "xdSnfxWCziyzb8tBiGitqa",
      "version": "latest",
      "dependencies": {},
      "lang": "ts",
      "fileLocks": [
        {
          "type": "globalVariant",
          "assetId": "F-KkpFIKCuog",
          "checksum": "b191d38b52345f8247ec94ee8411ea11"
        },
        {
          "type": "renderModule",
          "assetId": "7MDU0cvaiUk7",
          "checksum": "cdf1f28b8973ba7e7070fb023be76f3e"
        },
        {
          "type": "cssRules",
          "assetId": "7MDU0cvaiUk7",
          "checksum": "cdf1f28b8973ba7e7070fb023be76f3e"
        },
        {
          "type": "renderModule",
          "assetId": "oE_8Qzvao0GQ",
          "checksum": "7692d02b5fd2493ae6470acde870e1d7"
        },
        {
          "type": "cssRules",
          "assetId": "oE_8Qzvao0GQ",
          "checksum": "7692d02b5fd2493ae6470acde870e1d7"
        },
        {
          "type": "renderModule",
          "assetId": "3pqoTJs_Sosu",
          "checksum": "ede33b2f93e529b8b68e67802a59abd8"
        },
        {
          "type": "cssRules",
          "assetId": "3pqoTJs_Sosu",
          "checksum": "ede33b2f93e529b8b68e67802a59abd8"
        },
        {
          "type": "renderModule",
          "assetId": "cTUv7R2uelNJ",
          "checksum": "976d649ec0014f03f74a2380f8c8aeba"
        },
        {
          "type": "cssRules",
          "assetId": "cTUv7R2uelNJ",
          "checksum": "976d649ec0014f03f74a2380f8c8aeba"
        },
        {
          "type": "renderModule",
          "assetId": "ILa2cLxyoTg0",
          "checksum": "0a1d314685c80c895a5b81c62fef350f"
        },
        {
          "type": "cssRules",
          "assetId": "ILa2cLxyoTg0",
          "checksum": "0a1d314685c80c895a5b81c62fef350f"
        },
        {
          "type": "renderModule",
          "assetId": "gQsAiY6bIFOZ",
          "checksum": "84c9a928f4eb88a02911a5d72272b7f7"
        },
        {
          "type": "cssRules",
          "assetId": "gQsAiY6bIFOZ",
          "checksum": "84c9a928f4eb88a02911a5d72272b7f7"
        },
        {
          "type": "renderModule",
          "assetId": "JGXUTtU5D6Eq",
          "checksum": "7b9e4dd48269c292c83f4f1bfa7bd78a"
        },
        {
          "type": "cssRules",
          "assetId": "JGXUTtU5D6Eq",
          "checksum": "7b9e4dd48269c292c83f4f1bfa7bd78a"
        },
        {
          "type": "renderModule",
          "assetId": "KUO-qHyTvy97",
          "checksum": "4682ab322d0e4ed9bffb3d747138793f"
        },
        {
          "type": "cssRules",
          "assetId": "KUO-qHyTvy97",
          "checksum": "4682ab322d0e4ed9bffb3d747138793f"
        },
        {
          "type": "renderModule",
          "assetId": "XC-0mAT2Chwv",
          "checksum": "dd350e515205f6763a2cf4bd1f7ac339"
        },
        {
          "type": "cssRules",
          "assetId": "XC-0mAT2Chwv",
          "checksum": "dd350e515205f6763a2cf4bd1f7ac339"
        },
        {
          "type": "renderModule",
          "assetId": "TjWE54Gs_7oW",
          "checksum": "b12a8ef741a6d2f400bf788bf317038b"
        },
        {
          "type": "cssRules",
          "assetId": "TjWE54Gs_7oW",
          "checksum": "b12a8ef741a6d2f400bf788bf317038b"
        },
        {
          "type": "renderModule",
          "assetId": "I5LTwhtpH7uf",
          "checksum": "e6f08614d7eec63d5b1361127cbf8914"
        },
        {
          "type": "cssRules",
          "assetId": "I5LTwhtpH7uf",
          "checksum": "e6f08614d7eec63d5b1361127cbf8914"
        },
        {
          "type": "renderModule",
          "assetId": "_-jhWe0TwpxJ",
          "checksum": "c9628146a009d659a26841bbc26e6974"
        },
        {
          "type": "cssRules",
          "assetId": "_-jhWe0TwpxJ",
          "checksum": "c9628146a009d659a26841bbc26e6974"
        },
        {
          "type": "renderModule",
          "assetId": "p-2o_pYCpf4T",
          "checksum": "fe65ec27e1606e0cec42629aa38f6d49"
        },
        {
          "type": "cssRules",
          "assetId": "p-2o_pYCpf4T",
          "checksum": "fe65ec27e1606e0cec42629aa38f6d49"
        },
        {
          "type": "renderModule",
          "assetId": "bPsGEjQSDQD0",
          "checksum": "b611369c12ac93f68030b4eaa69bea07"
        },
        {
          "type": "cssRules",
          "assetId": "bPsGEjQSDQD0",
          "checksum": "b611369c12ac93f68030b4eaa69bea07"
        },
        {
          "type": "renderModule",
          "assetId": "MdG23ORLiPQo",
          "checksum": "9812eee57e2a589d6e4bff49097b5112"
        },
        {
          "type": "cssRules",
          "assetId": "MdG23ORLiPQo",
          "checksum": "9812eee57e2a589d6e4bff49097b5112"
        },
        {
          "type": "renderModule",
          "assetId": "wQ933wtsetKM",
          "checksum": "f672a8a6b7d77f4166d5cfb24ad650f3"
        },
        {
          "type": "cssRules",
          "assetId": "wQ933wtsetKM",
          "checksum": "f672a8a6b7d77f4166d5cfb24ad650f3"
        },
        {
          "type": "renderModule",
          "assetId": "wTuiZggGXl-D",
          "checksum": "02bdb41d8c08a26110aa4e3400168d8c"
        },
        {
          "type": "cssRules",
          "assetId": "wTuiZggGXl-D",
          "checksum": "02bdb41d8c08a26110aa4e3400168d8c"
        },
        {
          "type": "renderModule",
          "assetId": "CFD5al1x8pOU",
          "checksum": "bb05b53965fbe0018dfdbd071603cc04"
        },
        {
          "type": "cssRules",
          "assetId": "CFD5al1x8pOU",
          "checksum": "bb05b53965fbe0018dfdbd071603cc04"
        },
        {
          "type": "image",
          "assetId": "IwDLmWnwjXO5",
          "checksum": "36fcb9d7139405e8cda383cced93054b"
        },
        {
          "type": "image",
          "assetId": "mX55uiPgGx7Y",
          "checksum": "c2bc96b4209f1573c19b72cbc5089b92"
        },
        {
          "type": "image",
          "assetId": "m4naU_LJ8iVk",
          "checksum": "52e55f1425617c000a7d41d9897acf65"
        },
        {
          "type": "image",
          "assetId": "JzXDX4ugIpBt",
          "checksum": "cc6f9c6ec50f20cac5330773b40d1df3"
        },
        {
          "type": "image",
          "assetId": "ITYJBS9frWDR",
          "checksum": "a2b4c68566998e0d8720daffb3c13f56"
        },
        {
          "type": "image",
          "assetId": "0P4lwVnms97C",
          "checksum": "69e36b532c548eb8e6f3131a2845f02a"
        },
        {
          "type": "renderModule",
          "assetId": "p3a1HfRCrQ1",
          "checksum": "aeb09756dd1082e54ed17ba37871817c"
        },
        {
          "type": "cssRules",
          "assetId": "p3a1HfRCrQ1",
          "checksum": "aeb09756dd1082e54ed17ba37871817c"
        },
        {
          "assetId": "xdSnfxWCziyzb8tBiGitqa",
          "type": "projectCss",
          "checksum": "0fcfbdef4808f9381aa1d932778b513b"
        },
        {
          "type": "renderModule",
          "assetId": "ZPtvWtdss9",
          "checksum": "ede1db0a04b78f881a0ff6c4e4c70bba"
        },
        {
          "type": "cssRules",
          "assetId": "ZPtvWtdss9",
          "checksum": "ede1db0a04b78f881a0ff6c4e4c70bba"
        },
        {
          "type": "renderModule",
          "assetId": "Uev3p9VZayM",
          "checksum": "2c83f329cb902ff3337dfea5fe04885c"
        },
        {
          "type": "cssRules",
          "assetId": "Uev3p9VZayM",
          "checksum": "2c83f329cb902ff3337dfea5fe04885c"
        },
        {
          "type": "renderModule",
          "assetId": "TXm06OyomR",
          "checksum": "bc2836d92bd46a7ceb4d0b66e098a709"
        },
        {
          "type": "cssRules",
          "assetId": "TXm06OyomR",
          "checksum": "bc2836d92bd46a7ceb4d0b66e098a709"
        },
        {
          "type": "renderModule",
          "assetId": "wfDe24iI-Nf",
          "checksum": "e64fcdf683f507249c91bc3904f83843"
        },
        {
          "type": "cssRules",
          "assetId": "wfDe24iI-Nf",
          "checksum": "e64fcdf683f507249c91bc3904f83843"
        },
        {
          "type": "renderModule",
          "assetId": "7aFEpfg1e-",
          "checksum": "3f68d39dfe1121b7705b3264b5966bc6"
        },
        {
          "type": "cssRules",
          "assetId": "7aFEpfg1e-",
          "checksum": "3f68d39dfe1121b7705b3264b5966bc6"
        },
        {
          "type": "icon",
          "assetId": "Gng1eaWxMrAo",
          "checksum": "070c82216c23c795345c8635c308e227"
        },
        {
          "type": "icon",
          "assetId": "5t9BS3r8A2SR",
          "checksum": "1b8a51a2af0aafd6a19aff50abac18d9"
        },
        {
          "type": "icon",
          "assetId": "pXWkAvQ7tVd0",
          "checksum": "ecdce125d9d751baf470d3d559700531"
        },
        {
          "type": "icon",
          "assetId": "1Sae458yn7P2",
          "checksum": "045789f3abdcd9ef329ef8246ce9606f"
        },
        {
          "type": "icon",
          "assetId": "yD18I_eEzZ3x",
          "checksum": "dbb0fcc29df32b2d6821cbdd8eb0f0e8"
        },
        {
          "type": "icon",
          "assetId": "ww9gPs7WhSQI",
          "checksum": "c86c7d15928ca2b18300cc67a7f90e4a"
        },
        {
          "type": "icon",
          "assetId": "ams_jLpuumes",
          "checksum": "c709d3dd90923d142e3cc3b5f2fcd15c"
        },
        {
          "type": "icon",
          "assetId": "XGEWJsAsZQXH",
          "checksum": "4f3184c34a7d72b4b7901e362a8c93f1"
        },
        {
          "type": "icon",
          "assetId": "ZHsGtcpBsGnf",
          "checksum": "a748590b963b5b73aaf8038ba2bbfa80"
        }
      ]
    }
  ],
  "cliVersion": "0.1.161"
}
